# THIS IS AN AUTOGENERATED FILE. DO NOT EDIT THIS FILE DIRECTLY.
# yarn lockfile v1


"@babel/runtime@^7.28.6":
  version "7.28.6"
  resolved "https://registry.yarnpkg.com/@babel/runtime/-/runtime-7.28.6.tgz#d267a43cb1836dc4d182cce93ae75ba954ef6d2b"
  integrity sha512-05WQkdpL9COIMz4LjTxGpPNCdlpyimKppYNoJ5Di5EUObifl8t4tuLuUBBZEpoLYOmfvIWrsp9fCl0HoPRVTdA==

"@formspree/core@^3.0.4":
  version "3.0.4"
  resolved "https://registry.yarnpkg.com/@formspree/core/-/core-3.0.4.tgz#6eed588f4d9e5bfff760aa668489e5c6d5e85d68"
  integrity sha512-VpdvQfSbcD4smrk1Gb5RJPBYBWmiNVWkiZs6ddu7afnu/OjKGlIPVo42LNNS5ht2joabcTCiyOZgATjqOdqs+g==
  dependencies:
    "@stripe/stripe-js" "^1.35.0"

"@formspree/react@^2.5.5":
  version "2.5.5"
  resolved "https://registry.yarnpkg.com/@formspree/react/-/react-2.5.5.tgz#268a2bdfacbcec4ba89b49cbbfc06edeacf39d37"
  integrity sha512-VmfFW2f/aSMu023Wt84xGlDquRjbbJbJWtTFie9RI70k/EuVJ41Noj1kGHtYVajry9B1pEMyAh4PovdcdCYAHQ==
  dependencies:
    "@formspree/core" "^3.0.4"
    "@stripe/react-stripe-js" "^1.7.1"
    "@stripe/stripe-js" "^1.35.0"

"@next/env@14.2.35":
  version "14.2.35"
  resolved "https://registry.yarnpkg.com/@next/env/-/env-14.2.35.tgz#e979016d0ca8500a47d41ffd02625fe29b8df35a"
  integrity sha512-DuhvCtj4t9Gwrx80dmz2F4t/zKQ4ktN8WrMwOuVzkJfBilwAwGr6v16M5eI8yCuZ63H9TTuEU09Iu2HqkzFPVQ==

"@next/swc-darwin-arm64@14.2.33":
  version "14.2.33"
  resolved "https://registry.yarnpkg.com/@next/swc-darwin-arm64/-/swc-darwin-arm64-14.2.33.tgz#9e74a4223f1e5e39ca4f9f85709e0d95b869b298"
  integrity sha512-HqYnb6pxlsshoSTubdXKu15g3iivcbsMXg4bYpjL2iS/V6aQot+iyF4BUc2qA/J/n55YtvE4PHMKWBKGCF/+wA==

"@next/swc-darwin-x64@14.2.33":
  version "14.2.33"
  resolved "https://registry.yarnpkg.com/@next/swc-darwin-x64/-/swc-darwin-x64-14.2.33.tgz#fcf0c45938da9b0cc2ec86357d6aefca90bd17f3"
  integrity sha512-8HGBeAE5rX3jzKvF593XTTFg3gxeU4f+UWnswa6JPhzaR6+zblO5+fjltJWIZc4aUalqTclvN2QtTC37LxvZAA==

"@next/swc-linux-arm64-gnu@14.2.33":
  version "14.2.33"
  resolved "https://registry.yarnpkg.com/@next/swc-linux-arm64-gnu/-/swc-linux-arm64-gnu-14.2.33.tgz#837f91a740eb4420c06f34c4677645315479d9be"
  integrity sha512-JXMBka6lNNmqbkvcTtaX8Gu5by9547bukHQvPoLe9VRBx1gHwzf5tdt4AaezW85HAB3pikcvyqBToRTDA4DeLw==

"@next/swc-linux-arm64-musl@14.2.33":
  version "14.2.33"
  resolved "https://registry.yarnpkg.com/@next/swc-linux-arm64-musl/-/swc-linux-arm64-musl-14.2.33.tgz#dc8903469e5c887b25e3c2217a048bd30c58d3d4"
  integrity sha512-Bm+QulsAItD/x6Ih8wGIMfRJy4G73tu1HJsrccPW6AfqdZd0Sfm5Imhgkgq2+kly065rYMnCOxTBvmvFY1BKfg==

"@next/swc-linux-x64-gnu@14.2.33":
  version "14.2.33"
  resolved "https://registry.yarnpkg.com/@next/swc-linux-x64-gnu/-/swc-linux-x64-gnu-14.2.33.tgz#344438be592b6b28cc540194274561e41f9933e5"
  integrity sha512-FnFn+ZBgsVMbGDsTqo8zsnRzydvsGV8vfiWwUo1LD8FTmPTdV+otGSWKc4LJec0oSexFnCYVO4hX8P8qQKaSlg==

"@next/swc-linux-x64-musl@14.2.33":
  version "14.2.33"
  resolved "https://registry.yarnpkg.com/@next/swc-linux-x64-musl/-/swc-linux-x64-musl-14.2.33.tgz#3379fad5e0181000b2a4fac0b80f7ca4ffe795c8"
  integrity sha512-345tsIWMzoXaQndUTDv1qypDRiebFxGYx9pYkhwY4hBRaOLt8UGfiWKr9FSSHs25dFIf8ZqIFaPdy5MljdoawA==

"@next/swc-win32-arm64-msvc@14.2.33":
  version "14.2.33"
  resolved "https://registry.yarnpkg.com/@next/swc-win32-arm64-msvc/-/swc-win32-arm64-msvc-14.2.33.tgz#bca8f4dde34656aef8e99f1e5696de255c2f00e5"
  integrity sha512-nscpt0G6UCTkrT2ppnJnFsYbPDQwmum4GNXYTeoTIdsmMydSKFz9Iny2jpaRupTb+Wl298+Rh82WKzt9LCcqSQ==

"@next/swc-win32-ia32-msvc@14.2.33":
  version "14.2.33"
  resolved "https://registry.yarnpkg.com/@next/swc-win32-ia32-msvc/-/swc-win32-ia32-msvc-14.2.33.tgz#a69c581483ea51dd3b8907ce33bb101fe07ec1df"
  integrity sha512-pc9LpGNKhJ0dXQhZ5QMmYxtARwwmWLpeocFmVG5Z0DzWq5Uf0izcI8tLc+qOpqxO1PWqZ5A7J1blrUIKrIFc7Q==

"@next/swc-win32-x64-msvc@14.2.33":
  version "14.2.33"
  resolved "https://registry.yarnpkg.com/@next/swc-win32-x64-msvc/-/swc-win32-x64-msvc-14.2.33.tgz#f1a40062530c17c35a86d8c430b3ae465eb7cea1"
  integrity sha512-nOjfZMy8B94MdisuzZo9/57xuFVLHJaDj5e/xrduJp9CV2/HrfxTRH2fbyLe+K9QT41WBLUd4iXX3R7jBp0EUg==

"@opentelemetry/api-logs@0.208.0", "@opentelemetry/api-logs@^0.208.0":
  version "0.208.0"
  resolved "https://registry.yarnpkg.com/@opentelemetry/api-logs/-/api-logs-0.208.0.tgz#56d3891010a1fa1cf600ba8899ed61b43ace511c"
  integrity sha512-CjruKY9V6NMssL/T1kAFgzosF1v9o6oeN+aX5JB/C/xPNtmgIJqcXHG7fA82Ou1zCpWGl4lROQUKwUNE1pMCyg==
  dependencies:
    "@opentelemetry/api" "^1.3.0"

"@opentelemetry/api@^1.3.0", "@opentelemetry/api@^1.9.0":
  version "1.9.0"
  resolved "https://registry.yarnpkg.com/@opentelemetry/api/-/api-1.9.0.tgz#d03eba68273dc0f7509e2a3d5cba21eae10379fe"
  integrity sha512-3giAOQvZiH5F9bMlMiv8+GSPMeqg0dbaeo58/0SlA9sxSqZhnUtxzX9/2FzyhS9sWQf5S0GJE0AKBrFqjpeYcg==

"@opentelemetry/core@2.2.0":
  version "2.2.0"
  resolved "https://registry.yarnpkg.com/@opentelemetry/core/-/core-2.2.0.tgz#2f857d7790ff160a97db3820889b5f4cade6eaee"
  integrity sha512-FuabnnUm8LflnieVxs6eP7Z383hgQU4W1e3KJS6aOG3RxWxcHyBxH8fDMHNgu/gFx/M2jvTOW/4/PHhLz6bjWw==
  dependencies:
    "@opentelemetry/semantic-conventions" "^1.29.0"

"@opentelemetry/core@2.3.0":
  version "2.3.0"
  resolved "https://registry.yarnpkg.com/@opentelemetry/core/-/core-2.3.0.tgz#7c01a73973072d3a7a466cd723f257f06b1a8811"
  integrity sha512-PcmxJQzs31cfD0R2dE91YGFcLxOSN4Bxz7gez5UwSUjCai8BwH/GI5HchfVshHkWdTkUs0qcaPJgVHKXUp7I3A==
  dependencies:
    "@opentelemetry/semantic-conventions" "^1.29.0"

"@opentelemetry/exporter-logs-otlp-http@^0.208.0":
  version "0.208.0"
  resolved "https://registry.yarnpkg.com/@opentelemetry/exporter-logs-otlp-http/-/exporter-logs-otlp-http-0.208.0.tgz#198d6e735e961a79352a3d032a28da295db802dc"
  integrity sha512-jOv40Bs9jy9bZVLo/i8FwUiuCvbjWDI+ZW13wimJm4LjnlwJxGgB+N/VWOZUTpM+ah/awXeQqKdNlpLf2EjvYg==
  dependencies:
    "@opentelemetry/api-logs" "0.208.0"
    "@opentelemetry/core" "2.2.0"
    "@opentelemetry/otlp-exporter-base" "0.208.0"
    "@opentelemetry/otlp-transformer" "0.208.0"
    "@opentelemetry/sdk-logs" "0.208.0"

"@opentelemetry/otlp-exporter-base@0.208.0":
  version "0.208.0"
  resolved "https://registry.yarnpkg.com/@opentelemetry/otlp-exporter-base/-/otlp-exporter-base-0.208.0.tgz#1a932355628087555a317b7207637d4e893c1a5d"
  integrity sha512-gMd39gIfVb2OgxldxUtOwGJYSH8P1kVFFlJLuut32L6KgUC4gl1dMhn+YC2mGn0bDOiQYSk/uHOdSjuKp58vvA==
  dependencies:
    "@opentelemetry/core" "2.2.0"
    "@opentelemetry/otlp-transformer" "0.208.0"

"@opentelemetry/otlp-transformer@0.208.0":
  version "0.208.0"
  resolved "https://registry.yarnpkg.com/@opentelemetry/otlp-transformer/-/otlp-transformer-0.208.0.tgz#c59f48a569d17766d91c61807db7b04e4be490ac"
  integrity sha512-DCFPY8C6lAQHUNkzcNT9R+qYExvsk6C5Bto2pbNxgicpcSWbe2WHShLxkOxIdNcBiYPdVHv/e7vH7K6TI+C+fQ==
  dependencies:
    "@opentelemetry/api-logs" "0.208.0"
    "@opentelemetry/core" "2.2.0"
    "@opentelemetry/resources" "2.2.0"
    "@opentelemetry/sdk-logs" "0.208.0"
    "@opentelemetry/sdk-metrics" "2.2.0"
    "@opentelemetry/sdk-trace-base" "2.2.0"
    protobufjs "^7.3.0"

"@opentelemetry/resources@2.2.0":
  version "2.2.0"
  resolved "https://registry.yarnpkg.com/@opentelemetry/resources/-/resources-2.2.0.tgz#b90a950ad98551295b76ea8a0e7efe45a179badf"
  integrity sha512-1pNQf/JazQTMA0BiO5NINUzH0cbLbbl7mntLa4aJNmCCXSj0q03T5ZXXL0zw4G55TjdL9Tz32cznGClf+8zr5A==
  dependencies:
    "@opentelemetry/core" "2.2.0"
    "@opentelemetry/semantic-conventions" "^1.29.0"

"@opentelemetry/resources@^2.2.0":
  version "2.3.0"
  resolved "https://registry.yarnpkg.com/@opentelemetry/resources/-/resources-2.3.0.tgz#bfa1c9363b028e322cd4b4d597dc05e8a7cc92a8"
  integrity sha512-shlr2l5g+87J8wqYlsLyaUsgKVRO7RtX70Ckd5CtDOWtImZgaUDmf4Z2ozuSKQLM2wPDR0TE/3bPVBNJtRm/cQ==
  dependencies:
    "@opentelemetry/core" "2.3.0"
    "@opentelemetry/semantic-conventions" "^1.29.0"

"@opentelemetry/sdk-logs@0.208.0", "@opentelemetry/sdk-logs@^0.208.0":
  version "0.208.0"
  resolved "https://registry.yarnpkg.com/@opentelemetry/sdk-logs/-/sdk-logs-0.208.0.tgz#013494e23412c1594a694a358211cd150144c525"
  integrity sha512-QlAyL1jRpOeaqx7/leG1vJMp84g0xKP6gJmfELBpnI4O/9xPX+Hu5m1POk9Kl+veNkyth5t19hRlN6tNY1sjbA==
  dependencies:
    "@opentelemetry/api-logs" "0.208.0"
    "@opentelemetry/core" "2.2.0"
    "@opentelemetry/resources" "2.2.0"

"@opentelemetry/sdk-metrics@2.2.0":
  version "2.2.0"
  resolved "https://registry.yarnpkg.com/@opentelemetry/sdk-metrics/-/sdk-metrics-2.2.0.tgz#3824133f0d681d778aff0f52b02a87ec6750fc2d"
  integrity sha512-G5KYP6+VJMZzpGipQw7Giif48h6SGQ2PFKEYCybeXJsOCB4fp8azqMAAzE5lnnHK3ZVwYQrgmFbsUJO/zOnwGw==
  dependencies:
    "@opentelemetry/core" "2.2.0"
    "@opentelemetry/resources" "2.2.0"

"@opentelemetry/sdk-trace-base@2.2.0":
  version "2.2.0"
  resolved "https://registry.yarnpkg.com/@opentelemetry/sdk-trace-base/-/sdk-trace-base-2.2.0.tgz#ddef9a0afd01a623d8625a3529f2137b05e67d0b"
  integrity sha512-xWQgL0Bmctsalg6PaXExmzdedSp3gyKV8mQBwK/j9VGdCDu2fmXIb2gAehBKbkXCpJ4HPkgv3QfoJWRT4dHWbw==
  dependencies:
    "@opentelemetry/core" "2.2.0"
    "@opentelemetry/resources" "2.2.0"
    "@opentelemetry/semantic-conventions" "^1.29.0"

"@opentelemetry/semantic-conventions@^1.29.0":
  version "1.38.0"
  resolved "https://registry.yarnpkg.com/@opentelemetry/semantic-conventions/-/semantic-conventions-1.38.0.tgz#8b5f415395a7ddb7c8e0c7932171deb9278df1a3"
  integrity sha512-kocjix+/sSggfJhwXqClZ3i9Y/MI0fp7b+g7kCRm6psy2dsf8uApTRclwG18h8Avm7C9+fnt+O36PspJ/OzoWg==

"@parcel/watcher-android-arm64@2.5.4":
  version "2.5.4"
  resolved "https://registry.yarnpkg.com/@parcel/watcher-android-arm64/-/watcher-android-arm64-2.5.4.tgz#88c67bde2c3efa997a0b1fea540080c6ade0322c"
  integrity sha512-hoh0vx4v+b3BNI7Cjoy2/B0ARqcwVNrzN/n7DLq9ZB4I3lrsvhrkCViJyfTj/Qi5xM9YFiH4AmHGK6pgH1ss7g==

"@parcel/watcher-darwin-arm64@2.5.4":
  version "2.5.4"
  resolved "https://registry.yarnpkg.com/@parcel/watcher-darwin-arm64/-/watcher-darwin-arm64-2.5.4.tgz#d9dc037cff8a4ab7839a79c5287a6e6660f7ab27"
  integrity sha512-kphKy377pZiWpAOyTgQYPE5/XEKVMaj6VUjKT5VkNyUJlr2qZAn8gIc7CPzx+kbhvqHDT9d7EqdOqRXT6vk0zw==

"@parcel/watcher-darwin-x64@2.5.4":
  version "2.5.4"
  resolved "https://registry.yarnpkg.com/@parcel/watcher-darwin-x64/-/watcher-darwin-x64-2.5.4.tgz#da0e13e16ee6d378242e2cfb469d72667624383a"
  integrity sha512-UKaQFhCtNJW1A9YyVz3Ju7ydf6QgrpNQfRZ35wNKUhTQ3dxJ/3MULXN5JN/0Z80V/KUBDGa3RZaKq1EQT2a2gg==

"@parcel/watcher-freebsd-x64@2.5.4":
  version "2.5.4"
  resolved "https://registry.yarnpkg.com/@parcel/watcher-freebsd-x64/-/watcher-freebsd-x64-2.5.4.tgz#feb7cc9ec680bae3e91dddcdb4fe1c399ed52cc1"
  integrity sha512-Dib0Wv3Ow/m2/ttvLdeI2DBXloO7t3Z0oCp4bAb2aqyqOjKPPGrg10pMJJAQ7tt8P4V2rwYwywkDhUia/FgS+Q==

"@parcel/watcher-linux-arm-glibc@2.5.4":
  version "2.5.4"
  resolved "https://registry.yarnpkg.com/@parcel/watcher-linux-arm-glibc/-/watcher-linux-arm-glibc-2.5.4.tgz#fa4e9cf8228c8c433e2f035e8b16aa299d892a78"
  integrity sha512-I5Vb769pdf7Q7Sf4KNy8Pogl/URRCKu9ImMmnVKYayhynuyGYMzuI4UOWnegQNa2sGpsPSbzDsqbHNMyeyPCgw==

"@parcel/watcher-linux-arm-musl@2.5.4":
  version "2.5.4"
  resolved "https://registry.yarnpkg.com/@parcel/watcher-linux-arm-musl/-/watcher-linux-arm-musl-2.5.4.tgz#9ee6792e2d8810af9871ee5bbc2aa04e0b079d62"
  integrity sha512-kGO8RPvVrcAotV4QcWh8kZuHr9bXi9a3bSZw7kFarYR0+fGliU7hd/zevhjw8fnvIKG3J9EO5G6sXNGCSNMYPQ==

"@parcel/watcher-linux-arm64-glibc@2.5.4":
  version "2.5.4"
  resolved "https://registry.yarnpkg.com/@parcel/watcher-linux-arm64-glibc/-/watcher-linux-arm64-glibc-2.5.4.tgz#624c6d874d99afa79305720f96a0c233d4ad7fde"
  integrity sha512-KU75aooXhqGFY2W5/p8DYYHt4hrjHZod8AhcGAmhzPn/etTa+lYCDB2b1sJy3sWJ8ahFVTdy+EbqSBvMx3iFlw==

"@parcel/watcher-linux-arm64-musl@2.5.4":
  version "2.5.4"
  resolved "https://registry.yarnpkg.com/@parcel/watcher-linux-arm64-musl/-/watcher-linux-arm64-musl-2.5.4.tgz#5341e88b9e645d31c015ed40f384e60e49bd74d2"
  integrity sha512-Qx8uNiIekVutnzbVdrgSanM+cbpDD3boB1f8vMtnuG5Zau4/bdDbXyKwIn0ToqFhIuob73bcxV9NwRm04/hzHQ==

"@parcel/watcher-linux-x64-glibc@2.5.4":
  version "2.5.4"
  resolved "https://registry.yarnpkg.com/@parcel/watcher-linux-x64-glibc/-/watcher-linux-x64-glibc-2.5.4.tgz#be5bcc49d3f6d21cc81bb531970a05d3721e385c"
  integrity sha512-UYBQvhYmgAv61LNUn24qGQdjtycFBKSK3EXr72DbJqX9aaLbtCOO8+1SkKhD/GNiJ97ExgcHBrukcYhVjrnogA==

"@parcel/watcher-linux-x64-musl@2.5.4":
  version "2.5.4"
  resolved "https://registry.yarnpkg.com/@parcel/watcher-linux-x64-musl/-/watcher-linux-x64-musl-2.5.4.tgz#bffd3895b1f0cc8fd1436e409fd65d0a901281c0"
  integrity sha512-YoRWCVgxv8akZrMhdyVi6/TyoeeMkQ0PGGOf2E4omODrvd1wxniXP+DBynKoHryStks7l+fDAMUBRzqNHrVOpg==

"@parcel/watcher-win32-arm64@2.5.4":
  version "2.5.4"
  resolved "https://registry.yarnpkg.com/@parcel/watcher-win32-arm64/-/watcher-win32-arm64-2.5.4.tgz#7fb8aedea5b34ba97a01e1555929d01f4eb72fe4"
  integrity sha512-iby+D/YNXWkiQNYcIhg8P5hSjzXEHaQrk2SLrWOUD7VeC4Ohu0WQvmV+HDJokZVJ2UjJ4AGXW3bx7Lls9Ln4TQ==

"@parcel/watcher-win32-ia32@2.5.4":
  version "2.5.4"
  resolved "https://registry.yarnpkg.com/@parcel/watcher-win32-ia32/-/watcher-win32-ia32-2.5.4.tgz#f7f94ebdb21dedf37b12e030a82d4211798a1c26"
  integrity sha512-vQN+KIReG0a2ZDpVv8cgddlf67J8hk1WfZMMP7sMeZmJRSmEax5xNDNWKdgqSe2brOKTQQAs3aCCUal2qBHAyg==

"@parcel/watcher-win32-x64@2.5.4":
  version "2.5.4"
  resolved "https://registry.yarnpkg.com/@parcel/watcher-win32-x64/-/watcher-win32-x64-2.5.4.tgz#8d895c9723f7fffdf4b360fd1becf1b6bcb571df"
  integrity sha512-3A6efb6BOKwyw7yk9ro2vus2YTt2nvcd56AuzxdMiVOxL9umDyN5PKkKfZ/gZ9row41SjVmTVQNWQhaRRGpOKw==

"@parcel/watcher@^2.4.1":
  version "2.5.4"
  resolved "https://registry.yarnpkg.com/@parcel/watcher/-/watcher-2.5.4.tgz#a6575b0a018b4e263589c1e7bc2ceb73c1ee84de"
  integrity sha512-WYa2tUVV5HiArWPB3ydlOc4R2ivq0IDrlqhMi3l7mVsFEXNcTfxYFPIHXHXIh/ca/y/V5N4E1zecyxdIBjYnkQ==
  dependencies:
    detect-libc "^2.0.3"
    is-glob "^4.0.3"
    node-addon-api "^7.0.0"
    picomatch "^4.0.3"
  optionalDependencies:
    "@parcel/watcher-android-arm64" "2.5.4"
    "@parcel/watcher-darwin-arm64" "2.5.4"
    "@parcel/watcher-darwin-x64" "2.5.4"
    "@parcel/watcher-freebsd-x64" "2.5.4"
    "@parcel/watcher-linux-arm-glibc" "2.5.4"
    "@parcel/watcher-linux-arm-musl" "2.5.4"
    "@parcel/watcher-linux-arm64-glibc" "2.5.4"
    "@parcel/watcher-linux-arm64-musl" "2.5.4"
    "@parcel/watcher-linux-x64-glibc" "2.5.4"
    "@parcel/watcher-linux-x64-musl" "2.5.4"
    "@parcel/watcher-win32-arm64" "2.5.4"
    "@parcel/watcher-win32-ia32" "2.5.4"
    "@parcel/watcher-win32-x64" "2.5.4"

"@posthog/core@1.9.1":
  version "1.9.1"
  resolved "https://registry.yarnpkg.com/@posthog/core/-/core-1.9.1.tgz#bcc5392359b8413c2de19181c081fcc0475ab784"
  integrity sha512-kRb1ch2dhQjsAapZmu6V66551IF2LnCbc1rnrQqnR7ArooVyJN9KOPXre16AJ3ObJz2eTfuP7x25BMyS2Y5Exw==
  dependencies:
    cross-spawn "^7.0.6"

"@posthog/types@1.319.0":
  version "1.319.0"
  resolved "https://registry.yarnpkg.com/@posthog/types/-/types-1.319.0.tgz#605e08f0eaefaeae5c1c797af8a2d2c92d1e8991"
  integrity sha512-jHvs5PhDfPjqDToecgtBWADW+sVox4ezD9LIYbcP72CIMzHVZcKJD5upq6RDchTEvX5gV+qy2SNyPPrsuLpcMg==

"@protobufjs/aspromise@^1.1.1", "@protobufjs/aspromise@^1.1.2":
  version "1.1.2"
  resolved "https://registry.yarnpkg.com/@protobufjs/aspromise/-/aspromise-1.1.2.tgz#9b8b0cc663d669a7d8f6f5d0893a14d348f30fbf"
  integrity sha512-j+gKExEuLmKwvz3OgROXtrJ2UG2x8Ch2YZUxahh+s1F2HZ+wAceUNLkvy6zKCPVRkU++ZWQrdxsUeQXmcg4uoQ==

"@protobufjs/base64@^1.1.2":
  version "1.1.2"
  resolved "https://registry.yarnpkg.com/@protobufjs/base64/-/base64-1.1.2.tgz#4c85730e59b9a1f1f349047dbf24296034bb2735"
  integrity sha512-AZkcAA5vnN/v4PDqKyMR5lx7hZttPDgClv83E//FMNhR2TMcLUhfRUBHCmSl0oi9zMgDDqRUJkSxO3wm85+XLg==

"@protobufjs/codegen@^2.0.4":
  version "2.0.4"
  resolved "https://registry.yarnpkg.com/@protobufjs/codegen/-/codegen-2.0.4.tgz#7ef37f0d010fb028ad1ad59722e506d9262815cb"
  integrity sha512-YyFaikqM5sH0ziFZCN3xDC7zeGaB/d0IUb9CATugHWbd1FRFwWwt4ld4OYMPWu5a3Xe01mGAULCdqhMlPl29Jg==

"@protobufjs/eventemitter@^1.1.0":
  version "1.1.0"
  resolved "https://registry.yarnpkg.com/@protobufjs/eventemitter/-/eventemitter-1.1.0.tgz#355cbc98bafad5978f9ed095f397621f1d066b70"
  integrity sha512-j9ednRT81vYJ9OfVuXG6ERSTdEL1xVsNgqpkxMsbIabzSo3goCjDIveeGv5d03om39ML71RdmrGNjG5SReBP/Q==

"@protobufjs/fetch@^1.1.0":
  version "1.1.0"
  resolved "https://registry.yarnpkg.com/@protobufjs/fetch/-/fetch-1.1.0.tgz#ba99fb598614af65700c1619ff06d454b0d84c45"
  integrity sha512-lljVXpqXebpsijW71PZaCYeIcE5on1w5DlQy5WH6GLbFryLUrBD4932W/E2BSpfRJWseIL4v/KPgBFxDOIdKpQ==
  dependencies:
    "@protobufjs/aspromise" "^1.1.1"
    "@protobufjs/inquire" "^1.1.0"

"@protobufjs/float@^1.0.2":
  version "1.0.2"
  resolved "https://registry.yarnpkg.com/@protobufjs/float/-/float-1.0.2.tgz#5e9e1abdcb73fc0a7cb8b291df78c8cbd97b87d1"
  integrity sha512-Ddb+kVXlXst9d+R9PfTIxh1EdNkgoRe5tOX6t01f1lYWOvJnSPDBlG241QLzcyPdoNTsblLUdujGSE4RzrTZGQ==

"@protobufjs/inquire@^1.1.0":
  version "1.1.0"
  resolved "https://registry.yarnpkg.com/@protobufjs/inquire/-/inquire-1.1.0.tgz#ff200e3e7cf2429e2dcafc1140828e8cc638f089"
  integrity sha512-kdSefcPdruJiFMVSbn801t4vFK7KB/5gd2fYvrxhuJYg8ILrmn9SKSX2tZdV6V+ksulWqS7aXjBcRXl3wHoD9Q==

"@protobufjs/path@^1.1.2":
  version "1.1.2"
  resolved "https://registry.yarnpkg.com/@protobufjs/path/-/path-1.1.2.tgz#6cc2b20c5c9ad6ad0dccfd21ca7673d8d7fbf68d"
  integrity sha512-6JOcJ5Tm08dOHAbdR3GrvP+yUUfkjG5ePsHYczMFLq3ZmMkAD98cDgcT2iA1lJ9NVwFd4tH/iSSoe44YWkltEA==

"@protobufjs/pool@^1.1.0":
  version "1.1.0"
  resolved "https://registry.yarnpkg.com/@protobufjs/pool/-/pool-1.1.0.tgz#09fd15f2d6d3abfa9b65bc366506d6ad7846ff54"
  integrity sha512-0kELaGSIDBKvcgS4zkjz1PeddatrjYcmMWOlAuAPwAeccUrPHdUqo/J6LiymHHEiJT5NrF1UVwxY14f+fy4WQw==

"@protobufjs/utf8@^1.1.0":
  version "1.1.0"
  resolved "https://registry.yarnpkg.com/@protobufjs/utf8/-/utf8-1.1.0.tgz#a777360b5b39a1a2e5106f8e858f2fd2d060c570"
  integrity sha512-Vvn3zZrhQZkkBE8LSuW3em98c0FwgO4nxzv6OdSxPKJIEKY2bGbHn+mhGIPerzI4twdxaP8/0+06HBpwf345Lw==

"@stripe/react-stripe-js@^1.7.1":
  version "1.16.5"
  resolved "https://registry.yarnpkg.com/@stripe/react-stripe-js/-/react-stripe-js-1.16.5.tgz#51cf862b50ca91ae6193c77a5bec889e81047f10"
  integrity sha512-lVPW3IfwdacyS22pP+nBB6/GNFRRhT/4jfgAK6T2guQmtzPwJV1DogiGGaBNhiKtSY18+yS8KlHSu+PvZNclvQ==
  dependencies:
    prop-types "^15.7.2"

"@stripe/stripe-js@^1.35.0":
  version "1.54.2"
  resolved "https://registry.yarnpkg.com/@stripe/stripe-js/-/stripe-js-1.54.2.tgz#0665848e22cbda936cfd05256facdfbba121438d"
  integrity sha512-R1PwtDvUfs99cAjfuQ/WpwJ3c92+DAMy9xGApjqlWQMj0FKQabUAys2swfTRNzuYAYJh7NqK2dzcYVNkKLEKUg==

"@swc/counter@^0.1.3":
  version "0.1.3"
  resolved "https://registry.yarnpkg.com/@swc/counter/-/counter-0.1.3.tgz#cc7463bd02949611c6329596fccd2b0ec782b0e9"
  integrity sha512-e2BR4lsJkkRlKZ/qCHPw9ZaSxc0MVUd7gtbtaB7aMvHeJVYe8sOB8DBZkP2DtISHGSku9sCK6T6cnY0CtXrOCQ==

"@swc/helpers@0.5.5":
  version "0.5.5"
  resolved "https://registry.yarnpkg.com/@swc/helpers/-/helpers-0.5.5.tgz#12689df71bfc9b21c4f4ca00ae55f2f16c8b77c0"
  integrity sha512-KGYxvIOXcceOAbEk4bi/dVLEK9z8sZ0uBB3Il5b1rhfClSpcX0yfRO0KmTkqR2cnQDymwLB+25ZyMzICg/cm/A==
  dependencies:
    "@swc/counter" "^0.1.3"
    tslib "^2.4.0"

"@types/node@>=13.7.0":
  version "25.0.8"
  resolved "https://registry.yarnpkg.com/@types/node/-/node-25.0.8.tgz#e54e00f94fe1db2497b3e42d292b8376a2678c8d"
  integrity sha512-powIePYMmC3ibL0UJ2i2s0WIbq6cg6UyVFQxSCpaPxxzAaziRfimGivjdF943sSGV6RADVbk0Nvlm5P/FB44Zg==
  dependencies:
    undici-types "~7.16.0"

"@types/trusted-types@^2.0.7":
  version "2.0.7"
  resolved "https://registry.yarnpkg.com/@types/trusted-types/-/trusted-types-2.0.7.tgz#baccb07a970b91707df3a3e8ba6896c57ead2d11"
  integrity sha512-ScaPdn1dQczgbl0QFTeTOmVHFULt394XJgOQNoyVhZ6r2vLnMLJfBPd53SB52T/3G36VI1/g2MZaX0cwDuXsfw==

busboy@1.6.0:
  version "1.6.0"
  resolved "https://registry.yarnpkg.com/busboy/-/busboy-1.6.0.tgz#966ea36a9502e43cdb9146962523b92f531f6893"
  integrity sha512-8SFQbg/0hQ9xy3UNTB0YEnsNBbWfhf7RtnzpL7TkBiTBRfrQ9Fxcnz7VJsleJpyp6rVLvXiuORqjlHi5q+PYuA==
  dependencies:
    streamsearch "^1.1.0"

caniuse-lite@^1.0.30001579:
  version "1.0.30001764"
  resolved "https://registry.yarnpkg.com/caniuse-lite/-/caniuse-lite-1.0.30001764.tgz#03206c56469f236103b90f9ae10bcb8b9e1f6005"
  integrity sha512-9JGuzl2M+vPL+pz70gtMF9sHdMFbY9FJaQBi186cHKH3pSzDvzoUJUPV6fqiKIMyXbud9ZLg4F3Yza1vJ1+93g==

chokidar@^4.0.0:
  version "4.0.3"
  resolved "https://registry.yarnpkg.com/chokidar/-/chokidar-4.0.3.tgz#7be37a4c03c9aee1ecfe862a4a23b2c70c205d30"
  integrity sha512-Qgzu8kfBvo+cA4962jnP1KkS6Dop5NS6g7R5LFYJr4b8Ub94PPQXUksCw9PvXoeXPRRddRNC5C1JQUR2SMGtnA==
  dependencies:
    readdirp "^4.0.1"

client-only@0.0.1:
  version "0.0.1"
  resolved "https://registry.yarnpkg.com/client-only/-/client-only-0.0.1.tgz#38bba5d403c41ab150bff64a95c85013cf73bca1"
  integrity sha512-IV3Ou0jSMzZrd3pZ48nLkT9DA7Ag1pnPzaiQhpW7c3RbcqqzvzzVu+L8gfqMp/8IM2MQtSiqaCxrrcfu8I8rMA==

core-js@^3.38.1:
  version "3.47.0"
  resolved "https://registry.yarnpkg.com/core-js/-/core-js-3.47.0.tgz#436ef07650e191afeb84c24481b298bd60eb4a17"
  integrity sha512-c3Q2VVkGAUyupsjRnaNX6u8Dq2vAdzm9iuPj5FW0fRxzlxgq9Q39MDq10IvmQSpLgHQNyQzQmOo6bgGHmH3NNg==

cross-spawn@^7.0.6:
  version "7.0.6"
  resolved "https://registry.yarnpkg.com/cross-spawn/-/cross-spawn-7.0.6.tgz#8a58fe78f00dcd70c370451759dfbfaf03e8ee9f"
  integrity sha512-uV2QOWP2nWzsy2aMp8aRibhi9dlzF5Hgh5SHaB9OiTGEyDTiJJyx0uy51QXdyWbtAHNua4XJzUKca3OzKUd3vA==
  dependencies:
    path-key "^3.1.0"
    shebang-command "^2.0.0"
    which "^2.0.1"

detect-libc@^2.0.3:
  version "2.1.2"
  resolved "https://registry.yarnpkg.com/detect-libc/-/detect-libc-2.1.2.tgz#689c5dcdc1900ef5583a4cb9f6d7b473742074ad"
  integrity sha512-Btj2BOOO83o3WyH59e8MgXsxEQVcarkUOpEYrubB0urwnN10yQ364rsiByU11nZlqWYZm05i/of7io4mzihBtQ==

dompurify@^3.3.1:
  version "3.3.1"
  resolved "https://registry.yarnpkg.com/dompurify/-/dompurify-3.3.1.tgz#c7e1ddebfe3301eacd6c0c12a4af284936dbbb86"
  integrity sha512-qkdCKzLNtrgPFP1Vo+98FRzJnBRGe4ffyCea9IwHB1fyxPOeNTHpLKYGd4Uk9xvNoH0ZoOjwZxNptyMwqrId1Q==
  optionalDependencies:
    "@types/trusted-types" "^2.0.7"

fflate@^0.4.8:
  version "0.4.8"
  resolved "https://registry.yarnpkg.com/fflate/-/fflate-0.4.8.tgz#f90b82aefbd8ac174213abb338bd7ef848f0f5ae"
  integrity sha512-FJqqoDBR00Mdj9ppamLa/Y7vxm+PRmNWA67N846RvsoYVMKB4q3y/de5PA7gUmRMYK/8CMz2GDZQmCRN1wBcWA==

graceful-fs@^4.2.11:
  version "4.2.11"
  resolved "https://registry.yarnpkg.com/graceful-fs/-/graceful-fs-4.2.11.tgz#4183e4e8bf08bb6e05bbb2f7d2e0c8f712ca40e3"
  integrity sha512-RbJ5/jmFcNNCcDV5o9eTnBLJ/HszWV0P73bc+Ff4nS/rJj+YaS6IGyiOL0VoBYX+l1Wrl3k63h/KrH+nhJ0XvQ==

immutable@^5.0.2:
  version "5.1.4"
  resolved "https://registry.yarnpkg.com/immutable/-/immutable-5.1.4.tgz#e3f8c1fe7b567d56cf26698f31918c241dae8c1f"
  integrity sha512-p6u1bG3YSnINT5RQmx/yRZBpenIl30kVxkTLDyHLIMk0gict704Q9n+thfDI7lTRm9vXdDYutVzXhzcThxTnXA==

is-extglob@^2.1.1:
  version "2.1.1"
  resolved "https://registry.yarnpkg.com/is-extglob/-/is-extglob-2.1.1.tgz#a88c02535791f02ed37c76a1b9ea9773c833f8c2"
  integrity sha512-SbKbANkN603Vi4jEZv49LeVJMn4yGwsbzZworEoyEiutsN3nJYdbO36zfhGJ6QEDpOZIFkDtnq5JRxmvl3jsoQ==

is-glob@^4.0.3:
  version "4.0.3"
  resolved "https://registry.yarnpkg.com/is-glob/-/is-glob-4.0.3.tgz#64f61e42cbbb2eec2071a9dac0b28ba1e65d5084"
  integrity sha512-xelSayHH36ZgE7ZWhli7pW34hNbNl8Ojv5KVmkJD4hBdD3th8Tfk9vYasLM+mXWOZhFkgZfxhLSnrwRr4elSSg==
  dependencies:
    is-extglob "^2.1.1"

isexe@^2.0.0:
  version "2.0.0"
  resolved "https://registry.yarnpkg.com/isexe/-/isexe-2.0.0.tgz#e8fbf374dc556ff8947a10dcb0572d633f2cfa10"
  integrity sha512-RHxMLp9lnKHGHRng9QFhRCMbYAcVpn69smSGcq3f36xjgVVWThj4qqLbTLlq7Ssj8B+fIQ1EuCEGI2lKsyQeIw==

"js-tokens@^3.0.0 || ^4.0.0":
  version "4.0.0"
  resolved "https://registry.yarnpkg.com/js-tokens/-/js-tokens-4.0.0.tgz#19203fb59991df98e3a287050d4647cdeaf32499"
  integrity sha512-RdJUflcE3cUzKiMqQgsCu06FPu9UdIJO0beYbPhHN4k6apgJtifcoCtT9bcxOpYBtpD2kCM6Sbzg4CausW/PKQ==

long@^5.0.0:
  version "5.3.2"
  resolved "https://registry.yarnpkg.com/long/-/long-5.3.2.tgz#1d84463095999262d7d7b7f8bfd4a8cc55167f83"
  integrity sha512-mNAgZ1GmyNhD7AuqnTG3/VQ26o760+ZYBPKjPvugO8+nLbYfX6TVpJPseBvopbdY+qpZ/lKUnmEc1LeZYS3QAA==

loose-envify@^1.1.0, loose-envify@^1.4.0:
  version "1.4.0"
  resolved "https://registry.yarnpkg.com/loose-envify/-/loose-envify-1.4.0.tgz#71ee51fa7be4caec1a63839f7e682d8132d30caf"
  integrity sha512-lyuxPGr/Wfhrlem2CL/UcnUc1zcqKAImBDzukY7Y5F/yQiNdko6+fRLevlw1HgMySw7f611UIY408EtxRSoK3Q==
  dependencies:
    js-tokens "^3.0.0 || ^4.0.0"

nanoid@^3.3.6:
  version "3.3.11"
  resolved "https://registry.yarnpkg.com/nanoid/-/nanoid-3.3.11.tgz#4f4f112cefbe303202f2199838128936266d185b"
  integrity sha512-N8SpfPUnUp1bK+PMYW8qSWdl9U+wwNWI4QKxOYDy9JAro3WMX7p2OeVRF9v+347pnakNevPmiHhNmZ2HbFA76w==

next@^14.2.18:
  version "14.2.35"
  resolved "https://registry.yarnpkg.com/next/-/next-14.2.35.tgz#7c68873a15fe5a19401f2f993fea535be3366ee9"
  integrity sha512-KhYd2Hjt/O1/1aZVX3dCwGXM1QmOV4eNM2UTacK5gipDdPN/oHHK/4oVGy7X8GMfPMsUTUEmGlsy0EY1YGAkig==
  dependencies:
    "@next/env" "14.2.35"
    "@swc/helpers" "0.5.5"
    busboy "1.6.0"
    caniuse-lite "^1.0.30001579"
    graceful-fs "^4.2.11"
    postcss "8.4.31"
    styled-jsx "5.1.1"
  optionalDependencies:
    "@next/swc-darwin-arm64" "14.2.33"
    "@next/swc-darwin-x64" "14.2.33"
    "@next/swc-linux-arm64-gnu" "14.2.33"
    "@next/swc-linux-arm64-musl" "14.2.33"
    "@next/swc-linux-x64-gnu" "14.2.33"
    "@next/swc-linux-x64-musl" "14.2.33"
    "@next/swc-win32-arm64-msvc" "14.2.33"
    "@next/swc-win32-ia32-msvc" "14.2.33"
    "@next/swc-win32-x64-msvc" "14.2.33"

node-addon-api@^7.0.0:
  version "7.1.1"
  resolved "https://registry.yarnpkg.com/node-addon-api/-/node-addon-api-7.1.1.tgz#1aba6693b0f255258a049d621329329322aad558"
  integrity sha512-5m3bsyrjFWE1xf7nz7YXdN4udnVtXK6/Yfgn5qnahL6bCkf2yKt4k3nuTKAtT4r3IG8JNR2ncsIMdZuAzJjHQQ==

object-assign@^4.1.1:
  version "4.1.1"
  resolved "https://registry.yarnpkg.com/object-assign/-/object-assign-4.1.1.tgz#2109adc7965887cfc05cbbd442cac8bfbb360863"
  integrity sha512-rJgTQnkUnH1sFw8yT6VSU3zD3sWmu6sZhIseY8VX+GRu3P6F7Fu+JNDoXfklElbLJSnc3FUQHVe4cU5hj+BcUg==

path-key@^3.1.0:
  version "3.1.1"
  resolved "https://registry.yarnpkg.com/path-key/-/path-key-3.1.1.tgz#581f6ade658cbba65a0d3380de7753295054f375"
  integrity sha512-ojmeN0qd+y0jszEtoY48r0Peq5dwMEkIlCOu6Q5f41lfkswXuKtYrhgoTpLnyIcHm24Uhqx+5Tqm2InSwLhE6Q==

picocolors@^1.0.0:
  version "1.1.1"
  resolved "https://registry.yarnpkg.com/picocolors/-/picocolors-1.1.1.tgz#3d321af3eab939b083c8f929a1d12cda81c26b6b"
  integrity sha512-xceH2snhtb5M9liqDsmEw56le376mTZkEX/jEb/RxNFyegNul7eNslCXP9FDj/Lcu0X8KEyMceP2ntpaHrDEVA==

picomatch@^4.0.3:
  version "4.0.3"
  resolved "https://registry.yarnpkg.com/picomatch/-/picomatch-4.0.3.tgz#796c76136d1eead715db1e7bad785dedd695a042"
  integrity sha512-5gTmgEY/sqK6gFXLIsQNH19lWb4ebPDLA4SdLP7dsWkIXHWlG66oPuVvXSGFPppYZz8ZDZq0dYYrbHfBCVUb1Q==

postcss@8.4.31:
  version "8.4.31"
  resolved "https://registry.yarnpkg.com/postcss/-/postcss-8.4.31.tgz#92b451050a9f914da6755af352bdc0192508656d"
  integrity sha512-PS08Iboia9mts/2ygV3eLpY5ghnUcfLV/EXTOW1E2qYxJKGGBUtNjN76FYHnMs36RmARn41bC0AZmn+rR0OVpQ==
  dependencies:
    nanoid "^3.3.6"
    picocolors "^1.0.0"
    source-map-js "^1.0.2"

posthog-js@^1.319.0:
  version "1.319.0"
  resolved "https://registry.yarnpkg.com/posthog-js/-/posthog-js-1.319.0.tgz#1d59f48cc6d03326a1ad8914c5798c266c1ef263"
  integrity sha512-0LFqLEhZzA8s1TrhYxsKsKmYV0n3FpNrWaT8rMjL87TRXtpy3XtsvbZKa97X6MFly5CK9CdhgKSNNyX7j12MrQ==
  dependencies:
    "@opentelemetry/api" "^1.9.0"
    "@opentelemetry/api-logs" "^0.208.0"
    "@opentelemetry/exporter-logs-otlp-http" "^0.208.0"
    "@opentelemetry/resources" "^2.2.0"
    "@opentelemetry/sdk-logs" "^0.208.0"
    "@posthog/core" "1.9.1"
    "@posthog/types" "1.319.0"
    core-js "^3.38.1"
    dompurify "^3.3.1"
    fflate "^0.4.8"
    preact "^10.19.3"
    query-selector-shadow-dom "^1.0.1"
    web-vitals "^4.2.4"

preact@^10.19.3:
  version "10.28.2"
  resolved "https://registry.yarnpkg.com/preact/-/preact-10.28.2.tgz#4b668383afa4b4a2546bbe4bd1747e02e2360138"
  integrity sha512-lbteaWGzGHdlIuiJ0l2Jq454m6kcpI1zNje6d8MlGAFlYvP2GO4ibnat7P74Esfz4sPTdM6UxtTwh/d3pwM9JA==

prop-types@^15.7.2:
  version "15.8.1"
  resolved "https://registry.yarnpkg.com/prop-types/-/prop-types-15.8.1.tgz#67d87bf1a694f48435cf332c24af10214a3140b5"
  integrity sha512-oj87CgZICdulUohogVAR7AjlC0327U4el4L6eAvOqCeudMDVU0NThNaV+b9Df4dXgSP1gXMTnPdhfe/2qDH5cg==
  dependencies:
    loose-envify "^1.4.0"
    object-assign "^4.1.1"
    react-is "^16.13.1"

protobufjs@^7.3.0:
  version "7.5.4"
  resolved "https://registry.yarnpkg.com/protobufjs/-/protobufjs-7.5.4.tgz#885d31fe9c4b37f25d1bb600da30b1c5b37d286a"
  integrity sha512-CvexbZtbov6jW2eXAvLukXjXUW1TzFaivC46BpWc/3BpcCysb5Vffu+B3XHMm8lVEuy2Mm4XGex8hBSg1yapPg==
  dependencies:
    "@protobufjs/aspromise" "^1.1.2"
    "@protobufjs/base64" "^1.1.2"
    "@protobufjs/codegen" "^2.0.4"
    "@protobufjs/eventemitter" "^1.1.0"
    "@protobufjs/fetch" "^1.1.0"
    "@protobufjs/float" "^1.0.2"
    "@protobufjs/inquire" "^1.1.0"
    "@protobufjs/path" "^1.1.2"
    "@protobufjs/pool" "^1.1.0"
    "@protobufjs/utf8" "^1.1.0"
    "@types/node" ">=13.7.0"
    long "^5.0.0"

query-selector-shadow-dom@^1.0.1:
  version "1.0.1"
  resolved "https://registry.yarnpkg.com/query-selector-shadow-dom/-/query-selector-shadow-dom-1.0.1.tgz#1c7b0058eff4881ac44f45d8f84ede32e9a2f349"
  integrity sha512-lT5yCqEBgfoMYpf3F2xQRK7zEr1rhIIZuceDK6+xRkJQ4NMbHTwXqk4NkwDwQMNqXgG9r9fyHnzwNVs6zV5KRw==

react-dom@^18.3.1:
  version "18.3.1"
  resolved "https://registry.yarnpkg.com/react-dom/-/react-dom-18.3.1.tgz#c2265d79511b57d479b3dd3fdfa51536494c5cb4"
  integrity sha512-5m4nQKp+rZRb09LNH59GM4BxTh9251/ylbKIbpe7TpGxfJ+9kv6BLkLBXIjjspbgbnIBNqlI23tRnTWT0snUIw==
  dependencies:
    loose-envify "^1.1.0"
    scheduler "^0.23.2"

react-image-gallery@^1.4.0:
  version "1.4.0"
  resolved "https://registry.yarnpkg.com/react-image-gallery/-/react-image-gallery-1.4.0.tgz#ceb16273b9163831a11579d37d036272a0a38b4b"
  integrity sha512-m7xLq7+g6/xh+BhVMAxvRU0132sNcEFglYsVsgthrnItl9VtLE7MuVvVWD9pvzcI+WBP5+p9HvnRwIiyhPkBDg==

react-is@^16.13.1:
  version "16.13.1"
  resolved "https://registry.yarnpkg.com/react-is/-/react-is-16.13.1.tgz#789729a4dc36de2999dc156dd6c1d9c18cea56a4"
  integrity sha512-24e6ynE2H+OKt4kqsOvNd8kBpV65zoxbA4BVsEOB3ARVWQki/DHzaUoC5KuON/BiccDaCCTZBuOcfZs70kR8bQ==

react-whatsapp@^0.2.1:
  version "0.2.1"
  resolved "https://registry.yarnpkg.com/react-whatsapp/-/react-whatsapp-0.2.1.tgz#b0d8424619883b86271c9ea07d338f4b3e98669e"
  integrity sha512-fjEahRJR0qcVvBZfxXxV9yK/U0QwFS9ZuoAvDpBmJbPS1cNAXUnJaDJ7mpZv0l11dfYEc4ikl/V5cwV/QVLKlg==

react@^18.3.1:
  version "18.3.1"
  resolved "https://registry.yarnpkg.com/react/-/react-18.3.1.tgz#49ab892009c53933625bd16b2533fc754cab2891"
  integrity sha512-wS+hAgJShR0KhEvPJArfuPVN1+Hz1t0Y6n5jLrGQbkb4urgPE/0Rve+1kMB1v/oWgHgm4WIcV+i7F2pTVj+2iQ==
  dependencies:
    loose-envify "^1.1.0"

readdirp@^4.0.1:
  version "4.1.2"
  resolved "https://registry.yarnpkg.com/readdirp/-/readdirp-4.1.2.tgz#eb85801435fbf2a7ee58f19e0921b068fc69948d"
  integrity sha512-GDhwkLfywWL2s6vEjyhri+eXmfH6j1L7JE27WhqLeYzoh/A3DBaYGEj2H/HFZCn/kMfim73FXxEJTw06WtxQwg==

sass@^1.80.7:
  version "1.97.2"
  resolved "https://registry.yarnpkg.com/sass/-/sass-1.97.2.tgz#e515a319092fd2c3b015228e3094b40198bff0da"
  integrity sha512-y5LWb0IlbO4e97Zr7c3mlpabcbBtS+ieiZ9iwDooShpFKWXf62zz5pEPdwrLYm+Bxn1fnbwFGzHuCLSA9tBmrw==
  dependencies:
    chokidar "^4.0.0"
    immutable "^5.0.2"
    source-map-js ">=0.6.2 <2.0.0"
  optionalDependencies:
    "@parcel/watcher" "^2.4.1"

scheduler@^0.23.2:
  version "0.23.2"
  resolved "https://registry.yarnpkg.com/scheduler/-/scheduler-0.23.2.tgz#414ba64a3b282892e944cf2108ecc078d115cdc3"
  integrity sha512-UOShsPwz7NrMUqhR6t0hWjFduvOzbtv7toDH1/hIrfRNIDBnnBWd0CwJTGvTpngVlmwGCdP9/Zl/tVrDqcuYzQ==
  dependencies:
    loose-envify "^1.1.0"

shebang-command@^2.0.0:
  version "2.0.0"
  resolved "https://registry.yarnpkg.com/shebang-command/-/shebang-command-2.0.0.tgz#ccd0af4f8835fbdc265b82461aaf0c36663f34ea"
  integrity sha512-kHxr2zZpYtdmrN1qDjrrX/Z1rR1kG8Dx+gkpK1G4eXmvXswmcE1hTWBWYUzlraYw1/yZp6YuDY77YtvbN0dmDA==
  dependencies:
    shebang-regex "^3.0.0"

shebang-regex@^3.0.0:
  version "3.0.0"
  resolved "https://registry.yarnpkg.com/shebang-regex/-/shebang-regex-3.0.0.tgz#ae16f1644d873ecad843b0307b143362d4c42172"
  integrity sha512-7++dFhtcx3353uBaq8DDR4NuxBetBzC7ZQOhmTQInHEd6bSrXdiEyzCvG07Z44UYdLShWUyXt5M/yhz8ekcb1A==

"source-map-js@>=0.6.2 <2.0.0", source-map-js@^1.0.2:
  version "1.2.1"
  resolved "https://registry.yarnpkg.com/source-map-js/-/source-map-js-1.2.1.tgz#1ce5650fddd87abc099eda37dcff024c2667ae46"
  integrity sha512-UXWMKhLOwVKb728IUtQPXxfYU+usdybtUrK/8uGE8CQMvrhOpwvzDBwj0QhSL7MQc7vIsISBG8VQ8+IDQxpfQA==

streamsearch@^1.1.0:
  version "1.1.0"
  resolved "https://registry.yarnpkg.com/streamsearch/-/streamsearch-1.1.0.tgz#404dd1e2247ca94af554e841a8ef0eaa238da764"
  integrity sha512-Mcc5wHehp9aXz1ax6bZUyY5afg9u2rv5cqQI3mRrYkGC8rW2hM02jWuwjtL++LS5qinSyhj2QfLyNsuc+VsExg==

styled-jsx@5.1.1:
  version "5.1.1"
  resolved "https://registry.yarnpkg.com/styled-jsx/-/styled-jsx-5.1.1.tgz#839a1c3aaacc4e735fed0781b8619ea5d0009d1f"
  integrity sha512-pW7uC1l4mBZ8ugbiZrcIsiIvVx1UmTfw7UkC3Um2tmfUq9Bhk8IiyEIPl6F8agHgjzku6j0xQEZbfA5uSgSaCw==
  dependencies:
    client-only "0.0.1"

tslib@^2.4.0:
  version "2.8.1"
  resolved "https://registry.yarnpkg.com/tslib/-/tslib-2.8.1.tgz#612efe4ed235d567e8aba5f2a5fab70280ade83f"
  integrity sha512-oJFu94HQb+KVduSUQL7wnpmqnfmLsOA/nAh6b6EH0wCEoK0/mPeXU6c3wKDV83MkOuHPRHtSXKKU99IBazS/2w==

undici-types@~7.16.0:
  version "7.16.0"
  resolved "https://registry.yarnpkg.com/undici-types/-/undici-types-7.16.0.tgz#ffccdff36aea4884cbfce9a750a0580224f58a46"
  integrity sha512-Zz+aZWSj8LE6zoxD+xrjh4VfkIG8Ya6LvYkZqtUQGJPZjYl53ypCaUwWqo7eI0x66KBGeRo+mlBEkMSeSZ38Nw==

web-vitals@^4.2.4:
  version "4.2.4"
  resolved "https://registry.yarnpkg.com/web-vitals/-/web-vitals-4.2.4.tgz#1d20bc8590a37769bd0902b289550936069184b7"
  integrity sha512-r4DIlprAGwJ7YM11VZp4R884m0Vmgr6EAKe3P+kO0PPj3Unqyvv59rczf6UiGcb9Z8QxZVcqKNwv/g0WNdWwsw==

which@^2.0.1:
  version "2.0.2"
  resolved "https://registry.yarnpkg.com/which/-/which-2.0.2.tgz#7c6a8dd0a636a0327e10b59c9286eee93f3f51b1"
  integrity sha512-BLI3Tl1TW3Pvl70l3yq3Y64i+awpwXqsGBYWkkqMtnbXgrMD+yj7rhW0kuEDxzJaYXGjEW5ogapKNMEKNMjibA==
  dependencies:
    isexe "^2.0.0"
